// !$*UTF8*$!
{
	archiveVersion = 1;
	classes = {
	};
	objectVersion = 56;
	objects = {

/* Begin PBXBuildFile section */
		14F52A982C348DCC00A4A7BA /* AppDelegate.swift in Sources */ = {isa = PBXBuildFile; fileRef = 14F52A972C348DCC00A4A7BA /* AppDelegate.swift */; };
		14F52A9A2C348DCC00A4A7BA /* SceneDelegate.swift in Sources */ = {isa = PBXBuildFile; fileRef = 14F52A992C348DCC00A4A7BA /* SceneDelegate.swift */; };
		14F52A9C2C348DCC00A4A7BA /* ViewController.swift in Sources */ = {isa = PBXBuildFile; fileRef = 14F52A9B2C348DCC00A4A7BA /* ViewController.swift */; };
		14F52A9F2C348DCC00A4A7BA /* Base in Resources */ = {isa = PBXBuildFile; fileRef = 14F52A9E2C348DCC00A4A7BA /* Base */; };
		14F52AA12C348DCC00A4A7BA /* Assets.xcassets in Resources */ = {isa = PBXBuildFile; fileRef = 14F52AA02C348DCC00A4A7BA /* Assets.xcassets */; };
		14F52AA42C348DCC00A4A7BA /* Base in Resources */ = {isa = PBXBuildFile; fileRef = 14F52AA32C348DCC00A4A7BA /* Base */; };
		14F52AAF2C348DCD00A4A7BA /* storyboard3Tests.swift in Sources */ = {isa = PBXBuildFile; fileRef = 14F52AAE2C348DCD00A4A7BA /* storyboard3Tests.swift */; };
		14F52AB92C348DCD00A4A7BA /* storyboard3UITests.swift in Sources */ = {isa = PBXBuildFile; fileRef = 14F52AB82C348DCD00A4A7BA /* storyboard3UITests.swift */; };
		14F52ABB2C348DCD00A4A7BA /* storyboard3UITestsLaunchTests.swift in Sources */ = {isa = PBXBuildFile; fileRef = 14F52ABA2C348DCD00A4A7BA /* storyboard3UITestsLaunchTests.swift */; };
		14F52AC82C348F3100A4A7BA /* LoginViewController.swift in Sources */ = {isa = PBXBuildFile; fileRef = 14F52AC72C348F3100A4A7BA /* LoginViewController.swift */; };
		14F52ACA2C34902600A4A7BA /* SigninViewController.swift in Sources */ = {isa = PBXBuildFile; fileRef = 14F52AC92C34902600A4A7BA /* SigninViewController.swift */; };
		14F52ACC2C3491AE00A4A7BA /* GoogleService-Info.plist in Resources */ = {isa = PBXBuildFile; fileRef = 14F52ACB2C3491AE00A4A7BA /* GoogleService-Info.plist */; };
		14F52AD02C3491ED00A4A7BA /* FirebaseAuth in Frameworks */ = {isa = PBXBuildFile; productRef = 14F52ACF2C3491ED00A4A7BA /* FirebaseAuth */; };
/* End PBXBuildFile section */

/* Begin PBXContainerItemProxy section */
		14F52AAB2C348DCD00A4A7BA /* PBXContainerItemProxy */ = {
			isa = PBXContainerItemProxy;
			containerPortal = 14F52A8C2C348DCC00A4A7BA /* Project object */;
			proxyType = 1;
			remoteGlobalIDString = 14F52A932C348DCC00A4A7BA;
			remoteInfo = storyboard3;
		};
		14F52AB52C348DCD00A4A7BA /* PBXContainerItemProxy */ = {
			isa = PBXContainerItemProxy;
			containerPortal = 14F52A8C2C348DCC00A4A7BA /* Project object */;
			proxyType = 1;
			remoteGlobalIDString = 14F52A932C348DCC00A4A7BA;
			remoteInfo = storyboard3;
		};
/* End PBXContainerItemProxy section */

/* Begin PBXFileReference section */
		14F52A942C348DCC00A4A7BA /* storyboard3.app */ = {isa = PBXFileReference; explicitFileType = wrapper.application; includeInIndex = 0; path = storyboard3.app; sourceTree = BUILT_PRODUCTS_DIR; };
		14F52A972C348DCC00A4A7BA /* AppDelegate.swift */ = {isa = PBXFileReference; lastKnownFileType = sourcecode.swift; path = AppDelegate.swift; sourceTree = "<group>"; };
		14F52A992C348DCC00A4A7BA /* SceneDelegate.swift */ = {isa = PBXFileReference; lastKnownFileType = sourcecode.swift; path = SceneDelegate.swift; sourceTree = "<group>"; };
		14F52A9B2C348DCC00A4A7BA /* ViewController.swift */ = {isa = PBXFileReference; lastKnownFileType = sourcecode.swift; path = ViewController.swift; sourceTree = "<group>"; };
		14F52A9E2C348DCC00A4A7BA /* Base */ = {isa = PBXFileReference; lastKnownFileType = file.storyboard; name = Base; path = Base.lproj/Main.storyboard; sourceTree = "<group>"; };
		14F52AA02C348DCC00A4A7BA /* Assets.xcassets */ = {isa = PBXFileReference; lastKnownFileType = folder.assetcatalog; path = Assets.xcassets; sourceTree = "<group>"; };
		14F52AA32C348DCC00A4A7BA /* Base */ = {isa = PBXFileReference; lastKnownFileType = file.storyboard; name = Base; path = Base.lproj/LaunchScreen.storyboard; sourceTree = "<group>"; };
		14F52AA52C348DCC00A4A7BA /* Info.plist */ = {isa = PBXFileReference; lastKnownFileType = text.plist.xml; path = Info.plist; sourceTree = "<group>"; };
		14F52AAA2C348DCD00A4A7BA /* storyboard3Tests.xctest */ = {isa = PBXFileReference; explicitFileType = wrapper.cfbundle; includeInIndex = 0; path = storyboard3Tests.xctest; sourceTree = BUILT_PRODUCTS_DIR; };
		14F52AAE2C348DCD00A4A7BA /* storyboard3Tests.swift */ = {isa = PBXFileReference; lastKnownFileType = sourcecode.swift; path = storyboard3Tests.swift; sourceTree = "<group>"; };
		14F52AB42C348DCD00A4A7BA /* storyboard3UITests.xctest */ = {isa = PBXFileReference; explicitFileType = wrapper.cfbundle; includeInIndex = 0; path = storyboard3UITests.xctest; sourceTree = BUILT_PRODUCTS_DIR; };
		14F52AB82C348DCD00A4A7BA /* storyboard3UITests.swift */ = {isa = PBXFileReference; lastKnownFileType = sourcecode.swift; path = storyboard3UITests.swift; sourceTree = "<group>"; };
		14F52ABA2C348DCD00A4A7BA /* storyboard3UITestsLaunchTests.swift */ = {isa = PBXFileReference; lastKnownFileType = sourcecode.swift; path = storyboard3UITestsLaunchTests.swift; sourceTree = "<group>"; };
		14F52AC72C348F3100A4A7BA /* LoginViewController.swift */ = {isa = PBXFileReference; lastKnownFileType = sourcecode.swift; path = LoginViewController.swift; sourceTree = "<group>"; };
		14F52AC92C34902600A4A7BA /* SigninViewController.swift */ = {isa = PBXFileReference; lastKnownFileType = sourcecode.swift; path = SigninViewController.swift; sourceTree = "<group>"; };
		14F52ACB2C3491AE00A4A7BA /* GoogleService-Info.plist */ = {isa = PBXFileReference; fileEncoding = 4; lastKnownFileType = text.plist.xml; name = "GoogleService-Info.plist"; path = "../GoogleService-Info.plist"; sourceTree = "<group>"; };
		14F52ACD2C3491B000A4A7BA /* GoogleService-Info.plist */ = {isa = PBXFileReference; lastKnownFileType = text.plist.xml; path = "GoogleService-Info.plist"; sourceTree = "<group>"; };
/* End PBXFileReference section */

/* Begin PBXFrameworksBuildPhase section */
		14F52A912C348DCC00A4A7BA /* Frameworks */ = {
			isa = PBXFrameworksBuildPhase;
			buildActionMask = 2147483647;
			files = (
				14F52AD02C3491ED00A4A7BA /* FirebaseAuth in Frameworks */,
			);
			runOnlyForDeploymentPostprocessing = 0;
		};
		14F52AA72C348DCD00A4A7BA /* Frameworks */ = {
			isa = PBXFrameworksBuildPhase;
			buildActionMask = 2147483647;
			files = (
			);
			runOnlyForDeploymentPostprocessing = 0;
		};
		14F52AB12C348DCD00A4A7BA /* Frameworks */ = {
			isa = PBXFrameworksBuildPhase;
			buildActionMask = 2147483647;
			files = (
			);
			runOnlyForDeploymentPostprocessing = 0;
		};
/* End PBXFrameworksBuildPhase section */

/* Begin PBXGroup section */
		14F52A8B2C348DCC00A4A7BA = {
			isa = PBXGroup;
			children = (
				14F52ACB2C3491AE00A4A7BA /* GoogleService-Info.plist */,
				14F52A962C348DCC00A4A7BA /* storyboard3 */,
				14F52AAD2C348DCD00A4A7BA /* storyboard3Tests */,
				14F52AB72C348DCD00A4A7BA /* storyboard3UITests */,
				14F52A952C348DCC00A4A7BA /* Products */,
			);
			sourceTree = "<group>";
		};
		14F52A952C348DCC00A4A7BA /* Products */ = {
			isa = PBXGroup;
			children = (
				14F52A942C348DCC00A4A7BA /* storyboard3.app */,
				14F52AAA2C348DCD00A4A7BA /* storyboard3Tests.xctest */,
				14F52AB42C348DCD00A4A7BA /* storyboard3UITests.xctest */,
			);
			name = Products;
			sourceTree = "<group>";
		};
		14F52A962C348DCC00A4A7BA /* storyboard3 */ = {
			isa = PBXGroup;
			children = (
				14F52ACD2C3491B000A4A7BA /* GoogleService-Info.plist */,
				14F52A972C348DCC00A4A7BA /* AppDelegate.swift */,
				14F52A992C348DCC00A4A7BA /* SceneDelegate.swift */,
				14F52A9B2C348DCC00A4A7BA /* ViewController.swift */,
				14F52A9D2C348DCC00A4A7BA /* Main.storyboard */,
				14F52AC92C34902600A4A7BA /* SigninViewController.swift */,
				14F52AC72C348F3100A4A7BA /* LoginViewController.swift */,
				14F52AA02C348DCC00A4A7BA /* Assets.xcassets */,
				14F52AA22C348DCC00A4A7BA /* LaunchScreen.storyboard */,
				14F52AA52C348DCC00A4A7BA /* Info.plist */,
			);
			path = storyboard3;
			sourceTree = "<group>";
		};
		14F52AAD2C348DCD00A4A7BA /* storyboard3Tests */ = {
			isa = PBXGroup;
			children = (
				14F52AAE2C348DCD00A4A7BA /* storyboard3Tests.swift */,
			);
			path = storyboard3Tests;
			sourceTree = "<group>";
		};
		14F52AB72C348DCD00A4A7BA /* storyboard3UITests */ = {
			isa = PBXGroup;
			children = (
				14F52AB82C348DCD00A4A7BA /* storyboard3UITests.swift */,
				14F52ABA2C348DCD00A4A7BA /* storyboard3UITestsLaunchTests.swift */,
			);
			path = storyboard3UITests;
			sourceTree = "<group>";
		};
/* End PBXGroup section */

/* Begin PBXNativeTarget section */
		14F52A932C348DCC00A4A7BA /* storyboard3 */ = {
			isa = PBXNativeTarget;
			buildConfigurationList = 14F52ABE2C348DCD00A4A7BA /* Build configuration list for PBXNativeTarget "storyboard3" */;
			buildPhases = (
				14F52A902C348DCC00A4A7BA /* Sources */,
				14F52A912C348DCC00A4A7BA /* Frameworks */,
				14F52A922C348DCC00A4A7BA /* Resources */,
			);
			buildRules = (
			);
			dependencies = (
			);
			name = storyboard3;
			packageProductDependencies = (
				14F52ACF2C3491ED00A4A7BA /* FirebaseAuth */,
			);
			productName = storyboard3;
			productReference = 14F52A942C348DCC00A4A7BA /* storyboard3.app */;
			productType = "com.apple.product-type.application";
		};
		14F52AA92C348DCD00A4A7BA /* storyboard3Tests */ = {
			isa = PBXNativeTarget;
			buildConfigurationList = 14F52AC12C348DCD00A4A7BA /* Build configuration list for PBXNativeTarget "storyboard3Tests" */;
			buildPhases = (
				14F52AA62C348DCD00A4A7BA /* Sources */,
				14F52AA72C348DCD00A4A7BA /* Frameworks */,
				14F52AA82C348DCD00A4A7BA /* Resources */,
			);
			buildRules = (
			);
			dependencies = (
				14F52AAC2C348DCD00A4A7BA /* PBXTargetDependency */,
			);
			name = storyboard3Tests;
			productName = storyboard3Tests;
			productReference = 14F52AAA2C348DCD00A4A7BA /* storyboard3Tests.xctest */;
			productType = "com.apple.product-type.bundle.unit-test";
		};
		14F52AB32C348DCD00A4A7BA /* storyboard3UITests */ = {
			isa = PBXNativeTarget;
			buildConfigurationList = 14F52AC42C348DCD00A4A7BA /* Build configuration list for PBXNativeTarget "storyboard3UITests" */;
			buildPhases = (
				14F52AB02C348DCD00A4A7BA /* Sources */,
				14F52AB12C348DCD00A4A7BA /* Frameworks */,
				14F52AB22C348DCD00A4A7BA /* Resources */,
			);
			buildRules = (
			);
			dependencies = (
				14F52AB62C348DCD00A4A7BA /* PBXTargetDependency */,
			);
			name = storyboard3UITests;
			productName = storyboard3UITests;
			productReference = 14F52AB42C348DCD00A4A7BA /* storyboard3UITests.xctest */;
			productType = "com.apple.product-type.bundle.ui-testing";
		};
/* End PBXNativeTarget section */

/* Begin PBXProject section */
		14F52A8C2C348DCC00A4A7BA /* Project object */ = {
			isa = PBXProject;
			attributes = {
				BuildIndependentTargetsInParallel = 1;
				LastSwiftUpdateCheck = 1540;
				LastUpgradeCheck = 1540;
				TargetAttributes = {
					14F52A932C348DCC00A4A7BA = {
						CreatedOnToolsVersion = 15.4;
					};
					14F52AA92C348DCD00A4A7BA = {
						CreatedOnToolsVersion = 15.4;
						TestTargetID = 14F52A932C348DCC00A4A7BA;
					};
					14F52AB32C348DCD00A4A7BA = {
						CreatedOnToolsVersion = 15.4;
						TestTargetID = 14F52A932C348DCC00A4A7BA;
					};
				};
			};
			buildConfigurationList = 14F52A8F2C348DCC00A4A7BA /* Build configuration list for PBXProject "storyboard3" */;
			compatibilityVersion = "Xcode 14.0";
			developmentRegion = en;
			hasScannedForEncodings = 0;
			knownRegions = (
				en,
				Base,
			);
			mainGroup = 14F52A8B2C348DCC00A4A7BA;
			packageReferences = (
				14F52ACE2C3491ED00A4A7BA /* XCRemoteSwiftPackageReference "firebase-ios-sdk" */,
			);
			productRefGroup = 14F52A952C348DCC00A4A7BA /* Products */;
			projectDirPath = "";
			projectRoot = "";
			targets = (
				14F52A932C348DCC00A4A7BA /* storyboard3 */,
				14F52AA92C348DCD00A4A7BA /* storyboard3Tests */,
				14F52AB32C348DCD00A4A7BA /* storyboard3UITests */,
			);
		};
/* End PBXProject section */

/* Begin PBXResourcesBuildPhase section */
		14F52A922C348DCC00A4A7BA /* Resources */ = {
			isa = PBXResourcesBuildPhase;
			buildActionMask = 2147483647;
			files = (
				14F52AA12C348DCC00A4A7BA /* Assets.xcassets in Resources */,
				14F52ACC2C3491AE00A4A7BA /* GoogleService-Info.plist in Resources */,
				14F52AA42C348DCC00A4A7BA /* Base in Resources */,
				14F52A9F2C348DCC00A4A7BA /* Base in Resources */,
			);
			runOnlyForDeploymentPostprocessing = 0;
		};
		14F52AA82C348DCD00A4A7BA /* Resources */ = {
			isa = PBXResourcesBuildPhase;
			buildActionMask = 2147483647;
			files = (
			);
			runOnlyForDeploymentPostprocessing = 0;
		};
		14F52AB22C348DCD00A4A7BA /* Resources */ = {
			isa = PBXResourcesBuildPhase;
			buildActionMask = 2147483647;
			files = (
			);
			runOnlyForDeploymentPostprocessing = 0;
		};
/* End PBXResourcesBuildPhase section */

/* Begin PBXSourcesBuildPhase section */
		14F52A902C348DCC00A4A7BA /* Sources */ = {
			isa = PBXSourcesBuildPhase;
			buildActionMask = 2147483647;
			files = (
				14F52AC82C348F3100A4A7BA /* LoginViewController.swift in Sources */,
				14F52ACA2C34902600A4A7BA /* SigninViewController.swift in Sources */,
				14F52A9C2C348DCC00A4A7BA /* ViewController.swift in Sources */,
				14F52A982C348DCC00A4A7BA /* AppDelegate.swift in Sources */,
				14F52A9A2C348DCC00A4A7BA /* SceneDelegate.swift in Sources */,
			);
			runOnlyForDeploymentPostprocessing = 0;
		};
		14F52AA62C348DCD00A4A7BA /* Sources */ = {
			isa = PBXSourcesBuildPhase;
			buildActionMask = 2147483647;
			files = (
				14F52AAF2C348DCD00A4A7BA /* storyboard3Tests.swift in Sources */,
			);
			runOnlyForDeploymentPostprocessing = 0;
		};
		14F52AB02C348DCD00A4A7BA /* Sources */ = {
			isa = PBXSourcesBuildPhase;
			buildActionMask = 2147483647;
			files = (
				14F52AB92C348DCD00A4A7BA /* storyboard3UITests.swift in Sources */,
				14F52ABB2C348DCD00A4A7BA /* storyboard3UITestsLaunchTests.swift in Sources */,
			);
			runOnlyForDeploymentPostprocessing = 0;
		};
/* End PBXSourcesBuildPhase section */

/* Begin PBXTargetDependency section */
		14F52AAC2C348DCD00A4A7BA /* PBXTargetDependency */ = {
			isa = PBXTargetDependency;
			target = 14F52A932C348DCC00A4A7BA /* storyboard3 */;
			targetProxy = 14F52AAB2C348DCD00A4A7BA /* PBXContainerItemProxy */;
		};
		14F52AB62C348DCD00A4A7BA /* PBXTargetDependency */ = {
			isa = PBXTargetDependency;
			target = 14F52A932C348DCC00A4A7BA /* storyboard3 */;
			targetProxy = 14F52AB52C348DCD00A4A7BA /* PBXContainerItemProxy */;
		};
/* End PBXTargetDependency section */

/* Begin PBXVariantGroup section */
		14F52A9D2C348DCC00A4A7BA /* Main.storyboard */ = {
			isa = PBXVariantGroup;
			children = (
				14F52A9E2C348DCC00A4A7BA /* Base */,
			);
			name = Main.storyboard;
			sourceTree = "<group>";
		};
		14F52AA22C348DCC00A4A7BA /* LaunchScreen.storyboard */ = {
			isa = PBXVariantGroup;
			children = (
				14F52AA32C348DCC00A4A7BA /* Base */,
			);
			name = LaunchScreen.storyboard;
			sourceTree = "<group>";
		};
/* End PBXVariantGroup section */

/* Begin XCBuildConfiguration section */
		14F52ABC2C348DCD00A4A7BA /* Debug */ = {
			isa = XCBuildConfiguration;
			buildSettings = {
				ALWAYS_SEARCH_USER_PATHS = NO;
				ASSETCATALOG_COMPILER_GENERATE_SWIFT_ASSET_SYMBOL_EXTENSIONS = YES;
				CLANG_ANALYZER_NONNULL = YES;
				CLANG_ANALYZER_NUMBER_OBJECT_CONVERSION = YES_AGGRESSIVE;
				CLANG_CXX_LANGUAGE_STANDARD = "gnu++20";
				CLANG_ENABLE_MODULES = YES;
				CLANG_ENABLE_OBJC_ARC = YES;
				CLANG_ENABLE_OBJC_WEAK = YES;
				CLANG_WARN_BLOCK_CAPTURE_AUTORELEASING = YES;
				CLANG_WARN_BOOL_CONVERSION = YES;
				CLANG_WARN_COMMA = YES;
				CLANG_WARN_CONSTANT_CONVERSION = YES;
				CLANG_WARN_DEPRECATED_OBJC_IMPLEMENTATIONS = YES;
				CLANG_WARN_DIRECT_OBJC_ISA_USAGE = YES_ERROR;
				CLANG_WARN_DOCUMENTATION_COMMENTS = YES;
				CLANG_WARN_EMPTY_BODY = YES;
				CLANG_WARN_ENUM_CONVERSION = YES;
				CLANG_WARN_INFINITE_RECURSION = YES;
				CLANG_WARN_INT_CONVERSION = YES;
				CLANG_WARN_NON_LITERAL_NULL_CONVERSION = YES;
				CLANG_WARN_OBJC_IMPLICIT_RETAIN_SELF = YES;
				CLANG_WARN_OBJC_LITERAL_CONVERSION = YES;
				CLANG_WARN_OBJC_ROOT_CLASS = YES_ERROR;
				CLANG_WARN_QUOTED_INCLUDE_IN_FRAMEWORK_HEADER = YES;
				CLANG_WARN_RANGE_LOOP_ANALYSIS = YES;
				CLANG_WARN_STRICT_PROTOTYPES = YES;
				CLANG_WARN_SUSPICIOUS_MOVE = YES;
				CLANG_WARN_UNGUARDED_AVAILABILITY = YES_AGGRESSIVE;
				CLANG_WARN_UNREACHABLE_CODE = YES;
				CLANG_WARN__DUPLICATE_METHOD_MATCH = YES;
				COPY_PHASE_STRIP = NO;
				DEBUG_INFORMATION_FORMAT = dwarf;
				ENABLE_STRICT_OBJC_MSGSEND = YES;
				ENABLE_TESTABILITY = YES;
				ENABLE_USER_SCRIPT_SANDBOXING = YES;
				GCC_C_LANGUAGE_STANDARD = gnu17;
				GCC_DYNAMIC_NO_PIC = NO;
				GCC_NO_COMMON_BLOCKS = YES;
				GCC_OPTIMIZATION_LEVEL = 0;
				GCC_PREPROCESSOR_DEFINITIONS = (
					"DEBUG=1",
					"$(inherited)",
				);
				GCC_WARN_64_TO_32_BIT_CONVERSION = YES;
				GCC_WARN_ABOUT_RETURN_TYPE = YES_ERROR;
				GCC_WARN_UNDECLARED_SELECTOR = YES;
				GCC_WARN_UNINITIALIZED_AUTOS = YES_AGGRESSIVE;
				GCC_WARN_UNUSED_FUNCTION = YES;
				GCC_WARN_UNUSED_VARIABLE = YES;
				IPHONEOS_DEPLOYMENT_TARGET = 17.5;
				LOCALIZATION_PREFERS_STRING_CATALOGS = YES;
				MTL_ENABLE_DEBUG_INFO = INCLUDE_SOURCE;
				MTL_FAST_MATH = YES;
				ONLY_ACTIVE_ARCH = YES;
				SDKROOT = iphoneos;
				SWIFT_ACTIVE_COMPILATION_CONDITIONS = "DEBUG $(inherited)";
				SWIFT_OPTIMIZATION_LEVEL = "-Onone";
			};
			name = Debug;
		};
		14F52ABD2C348DCD00A4A7BA /* Release */ = {
			isa = XCBuildConfiguration;
			buildSettings = {
				ALWAYS_SEARCH_USER_PATHS = NO;
				ASSETCATALOG_COMPILER_GENERATE_SWIFT_ASSET_SYMBOL_EXTENSIONS = YES;
				CLANG_ANALYZER_NONNULL = YES;
				CLANG_ANALYZER_NUMBER_OBJECT_CONVERSION = YES_AGGRESSIVE;
				CLANG_CXX_LANGUAGE_STANDARD = "gnu++20";
				CLANG_ENABLE_MODULES = YES;
				CLANG_ENABLE_OBJC_ARC = YES;
				CLANG_ENABLE_OBJC_WEAK = YES;
				CLANG_WARN_BLOCK_CAPTURE_AUTORELEASING = YES;
				CLANG_WARN_BOOL_CONVERSION = YES;
				CLANG_WARN_COMMA = YES;
				CLANG_WARN_CONSTANT_CONVERSION = YES;
				CLANG_WARN_DEPRECATED_OBJC_IMPLEMENTATIONS = YES;
				CLANG_WARN_DIRECT_OBJC_ISA_USAGE = YES_ERROR;
				CLANG_WARN_DOCUMENTATION_COMMENTS = YES;
				CLANG_WARN_EMPTY_BODY = YES;
				CLANG_WARN_ENUM_CONVERSION = YES;
				CLANG_WARN_INFINITE_RECURSION = YES;
				CLANG_WARN_INT_CONVERSION = YES;
				CLANG_WARN_NON_LITERAL_NULL_CONVERSION = YES;
				CLANG_WARN_OBJC_IMPLICIT_RETAIN_SELF = YES;
				CLANG_WARN_OBJC_LITERAL_CONVERSION = YES;
				CLANG_WARN_OBJC_ROOT_CLASS = YES_ERROR;
				CLANG_WARN_QUOTED_INCLUDE_IN_FRAMEWORK_HEADER = YES;
				CLANG_WARN_RANGE_LOOP_ANALYSIS = YES;
				CLANG_WARN_STRICT_PROTOTYPES = YES;
				CLANG_WARN_SUSPICIOUS_MOVE = YES;
				CLANG_WARN_UNGUARDED_AVAILABILITY = YES_AGGRESSIVE;
				CLANG_WARN_UNREACHABLE_CODE = YES;
				CLANG_WARN__DUPLICATE_METHOD_MATCH = YES;
				COPY_PHASE_STRIP = NO;
				DEBUG_INFORMATION_FORMAT = "dwarf-with-dsym";
				ENABLE_NS_ASSERTIONS = NO;
				ENABLE_STRICT_OBJC_MSGSEND = YES;
				ENABLE_USER_SCRIPT_SANDBOXING = YES;
				GCC_C_LANGUAGE_STANDARD = gnu17;
				GCC_NO_COMMON_BLOCKS = YES;
				GCC_WARN_64_TO_32_BIT_CONVERSION = YES;
				GCC_WARN_ABOUT_RETURN_TYPE = YES_ERROR;
				GCC_WARN_UNDECLARED_SELECTOR = YES;
				GCC_WARN_UNINITIALIZED_AUTOS = YES_AGGRESSIVE;
				GCC_WARN_UNUSED_FUNCTION = YES;
				GCC_WARN_UNUSED_VARIABLE = YES;
				IPHONEOS_DEPLOYMENT_TARGET = 17.5;
				LOCALIZATION_PREFERS_STRING_CATALOGS = YES;
				MTL_ENABLE_DEBUG_INFO = NO;
				MTL_FAST_MATH = YES;
				SDKROOT = iphoneos;
				SWIFT_COMPILATION_MODE = wholemodule;
				VALIDATE_PRODUCT = YES;
			};
			name = Release;
		};
		14F52ABF2C348DCD00A4A7BA /* Debug */ = {
			isa = XCBuildConfiguration;
			buildSettings = {
				ASSETCATALOG_COMPILER_APPICON_NAME = AppIcon;
				ASSETCATALOG_COMPILER_GLOBAL_ACCENT_COLOR_NAME = AccentColor;
				CODE_SIGN_STYLE = Automatic;
				CURRENT_PROJECT_VERSION = 1;
				GENERATE_INFOPLIST_FILE = YES;
				INFOPLIST_FILE = storyboard3/Info.plist;
				INFOPLIST_KEY_UIApplicationSupportsIndirectInputEvents = YES;
				INFOPLIST_KEY_UILaunchStoryboardName = LaunchScreen;
				INFOPLIST_KEY_UIMainStoryboardFile = Main;
				INFOPLIST_KEY_UISupportedInterfaceOrientations_iPad = "UIInterfaceOrientationPortrait UIInterfaceOrientationPortraitUpsideDown UIInterfaceOrientationLandscapeLeft UIInterfaceOrientationLandscapeRight";
				INFOPLIST_KEY_UISupportedInterfaceOrientations_iPhone = "UIInterfaceOrientationPortrait UIInterfaceOrientationLandscapeLeft UIInterfaceOrientationLandscapeRight";
				LD_RUNPATH_SEARCH_PATHS = (
					"$(inherited)",
					"@executable_path/Frameworks",
				);
				MARKETING_VERSION = 1.0;
				PRODUCT_BUNDLE_IDENTIFIER = "-000.storyboard3";
				PRODUCT_NAME = "$(TARGET_NAME)";
				SWIFT_EMIT_LOC_STRINGS = YES;
				SWIFT_VERSION = 5.0;
				TARGETED_DEVICE_FAMILY = "1,2";
			};
			name = Debug;
		};
		14F52AC02C348DCD00A4A7BA /* Release */ = {
			isa = XCBuildConfiguration;
			buildSettings = {
				ASSETCATALOG_COMPILER_APPICON_NAME = AppIcon;
				ASSETCATALOG_COMPILER_GLOBAL_ACCENT_COLOR_NAME = AccentColor;
				CODE_SIGN_STYLE = Automatic;
				CURRENT_PROJECT_VERSION = 1;
				GENERATE_INFOPLIST_FILE = YES;
				INFOPLIST_FILE = storyboard3/Info.plist;
				INFOPLIST_KEY_UIApplicationSupportsIndirectInputEvents = YES;
				INFOPLIST_KEY_UILaunchStoryboardName = LaunchScreen;
				INFOPLIST_KEY_UIMainStoryboardFile = Main;
				INFOPLIST_KEY_UISupportedInterfaceOrientations_iPad = "UIInterfaceOrientationPortrait UIInterfaceOrientationPortraitUpsideDown UIInterfaceOrientationLandscapeLeft UIInterfaceOrientationLandscapeRight";
				INFOPLIST_KEY_UISupportedInterfaceOrientations_iPhone = "UIInterfaceOrientationPortrait UIInterfaceOrientationLandscapeLeft UIInterfaceOrientationLandscapeRight";
				LD_RUNPATH_SEARCH_PATHS = (
					"$(inherited)",
					"@executable_path/Frameworks",
				);
				MARKETING_VERSION = 1.0;
				PRODUCT_BUNDLE_IDENTIFIER = "-000.storyboard3";
				PRODUCT_NAME = "$(TARGET_NAME)";
				SWIFT_EMIT_LOC_STRINGS = YES;
				SWIFT_VERSION = 5.0;
				TARGETED_DEVICE_FAMILY = "1,2";
			};
			name = Release;
		};
		14F52AC22C348DCD00A4A7BA /* Debug */ = {
			isa = XCBuildConfiguration;
			buildSettings = {
				ALWAYS_EMBED_SWIFT_STANDARD_LIBRARIES = YES;
				BUNDLE_LOADER = "$(TEST_HOST)";
				CODE_SIGN_STYLE = Automatic;
				CURRENT_PROJECT_VERSION = 1;
				GENERATE_INFOPLIST_FILE = YES;
				IPHONEOS_DEPLOYMENT_TARGET = 17.5;
				MARKETING_VERSION = 1.0;
				PRODUCT_BUNDLE_IDENTIFIER = "-000.storyboard3Tests";
				PRODUCT_NAME = "$(TARGET_NAME)";
				SWIFT_EMIT_LOC_STRINGS = NO;
				SWIFT_VERSION = 5.0;
				TARGETED_DEVICE_FAMILY = "1,2";
				TEST_HOST = "$(BUILT_PRODUCTS_DIR)/storyboard3.app/$(BUNDLE_EXECUTABLE_FOLDER_PATH)/storyboard3";
			};
			name = Debug;
		};
		14F52AC32C348DCD00A4A7BA /* Release */ = {
			isa = XCBuildConfiguration;
			buildSettings = {
				ALWAYS_EMBED_SWIFT_STANDARD_LIBRARIES = YES;
				BUNDLE_LOADER = "$(TEST_HOST)";
				CODE_SIGN_STYLE = Automatic;
				CURRENT_PROJECT_VERSION = 1;
				GENERATE_INFOPLIST_FILE = YES;
				IPHONEOS_DEPLOYMENT_TARGET = 17.5;
				MARKETING_VERSION = 1.0;
				PRODUCT_BUNDLE_IDENTIFIER = "-000.storyboard3Tests";
				PRODUCT_NAME = "$(TARGET_NAME)";
				SWIFT_EMIT_LOC_STRINGS = NO;
				SWIFT_VERSION = 5.0;
				TARGETED_DEVICE_FAMILY = "1,2";
				TEST_HOST = "$(BUILT_PRODUCTS_DIR)/storyboard3.app/$(BUNDLE_EXECUTABLE_FOLDER_PATH)/storyboard3";
			};
			name = Release;
		};
		14F52AC52C348DCD00A4A7BA /* Debug */ = {
			isa = XCBuildConfiguration;
			buildSettings = {
				ALWAYS_EMBED_SWIFT_STANDARD_LIBRARIES = YES;
				CODE_SIGN_STYLE = Automatic;
				CURRENT_PROJECT_VERSION = 1;
				GENERATE_INFOPLIST_FILE = YES;
				MARKETING_VERSION = 1.0;
				PRODUCT_BUNDLE_IDENTIFIER = "-000.storyboard3UITests";
				PRODUCT_NAME = "$(TARGET_NAME)";
				SWIFT_EMIT_LOC_STRINGS = NO;
				SWIFT_VERSION = 5.0;
				TARGETED_DEVICE_FAMILY = "1,2";
				TEST_TARGET_NAME = storyboard3;
			};
			name = Debug;
		};
		14F52AC62C348DCD00A4A7BA /* Release */ = {
			isa = XCBuildConfiguration;
			buildSettings = {
				ALWAYS_EMBED_SWIFT_STANDARD_LIBRARIES = YES;
				CODE_SIGN_STYLE = Automatic;
				CURRENT_PROJECT_VERSION = 1;
				GENERATE_INFOPLIST_FILE = YES;
				MARKETING_VERSION = 1.0;
				PRODUCT_BUNDLE_IDENTIFIER = "-000.storyboard3UITests";
				PRODUCT_NAME = "$(TARGET_NAME)";
				SWIFT_EMIT_LOC_STRINGS = NO;
				SWIFT_VERSION = 5.0;
				TARGETED_DEVICE_FAMILY = "1,2";
				TEST_TARGET_NAME = storyboard3;
			};
			name = Release;
		};
/* End XCBuildConfiguration section */

/* Begin XCConfigurationList section */
		14F52A8F2C348DCC00A4A7BA /* Build configuration list for PBXProject "storyboard3" */ = {
			isa = XCConfigurationList;
			buildConfigurations = (
				14F52ABC2C348DCD00A4A7BA /* Debug */,
				14F52ABD2C348DCD00A4A7BA /* Release */,
			);
			defaultConfigurationIsVisible = 0;
			defaultConfigurationName = Release;
		};
		14F52ABE2C348DCD00A4A7BA /* Build configuration list for PBXNativeTarget "storyboard3" */ = {
			isa = XCConfigurationList;
			buildConfigurations = (
				14F52ABF2C348DCD00A4A7BA /* Debug */,
				14F52AC02C348DCD00A4A7BA /* Release */,
			);
			defaultConfigurationIsVisible = 0;
			defaultConfigurationName = Release;
		};
		14F52AC12C348DCD00A4A7BA /* Build configuration list for PBXNativeTarget "storyboard3Tests" */ = {
			isa = XCConfigurationList;
			buildConfigurations = (
				14F52AC22C348DCD00A4A7BA /* Debug */,
				14F52AC32C348DCD00A4A7BA /* Release */,
			);
			defaultConfigurationIsVisible = 0;
			defaultConfigurationName = Release;
		};
		14F52AC42C348DCD00A4A7BA /* Build configuration list for PBXNativeTarget "storyboard3UITests" */ = {
			isa = XCConfigurationList;
			buildConfigurations = (
				14F52AC52C348DCD00A4A7BA /* Debug */,
				14F52AC62C348DCD00A4A7BA /* Release */,
			);
			defaultConfigurationIsVisible = 0;
			defaultConfigurationName = Release;
		};
/* End XCConfigurationList section */

/* Begin XCRemoteSwiftPackageReference section */
		14F52ACE2C3491ED00A4A7BA /* XCRemoteSwiftPackageReference "firebase-ios-sdk" */ = {
			isa = XCRemoteSwiftPackageReference;
			repositoryURL = "https://github.com/firebase/firebase-ios-sdk.git";
			requirement = {
				kind = upToNextMajorVersion;
				minimumVersion = 10.28.1;
			};
		};
/* End XCRemoteSwiftPackageReference section */

/* Begin XCSwiftPackageProductDependency section */
		14F52ACF2C3491ED00A4A7BA /* FirebaseAuth */ = {
			isa = XCSwiftPackageProductDependency;
			package = 14F52ACE2C3491ED00A4A7BA /* XCRemoteSwiftPackageReference "firebase-ios-sdk" */;
			productName = FirebaseAuth;
		};
/* End XCSwiftPackageProductDependency section */
	};
	rootObject = 14F52A8C2C348DCC00A4A7BA /* Project object */;
}
